Microsoft Visual Studio Solution File, Format Version 11.00
# Visual Studio 2008

Project("{47F80AF6-4B65-689D-7CFF-7486BF7FD100}") = "3points", "Assembly-CSharp.csproj", "{119DE428-EDD4-DB15-E3D3-4D8F5B269B7A}"
EndProject
Project("{47F80AF6-4B65-689D-7CFF-7486BF7FD100}") = "3points", "Assembly-UnityScript.unityproj", "{97D48B3D-9C6C-484B-AAA6-3C66BED8CB25}"
EndProject
Global
	GlobalSection(SolutionConfigurationPlatforms) = preSolution
		Debug|Any CPU = Debug|Any CPU
		Release|Any CPU = Release|Any CPU
	EndGlobalSection
	GlobalSection(ProjectConfigurationPlatforms) = postSolution
		{119DE428-EDD4-DB15-E3D3-4D8F5B269B7A}.Debug|Any CPU.ActiveCfg = Debug|Any CPU
		{119DE428-EDD4-DB15-E3D3-4D8F5B269B7A}.Debug|Any CPU.Build.0 = Debug|Any CPU
		{119DE428-EDD4-DB15-E3D3-4D8F5B269B7A}.Release|Any CPU.ActiveCfg = Release|Any CPU
		{119DE428-EDD4-DB15-E3D3-4D8F5B269B7A}.Release|Any CPU.Build.0 = Release|Any CPU
		{97D48B3D-9C6C-484B-AAA6-3C66BED8CB25}.Debug|Any CPU.ActiveCfg = Debug|Any CPU
		{97D48B3D-9C6C-484B-AAA6-3C66BED8CB25}.Debug|Any CPU.Build.0 = Debug|Any CPU
		{97D48B3D-9C6C-484B-AAA6-3C66BED8CB25}.Release|Any CPU.ActiveCfg = Release|Any CPU
		{97D48B3D-9C6C-484B-AAA6-3C66BED8CB25}.Release|Any CPU.Build.0 = Release|Any CPU
	EndGlobalSection
	GlobalSection(SolutionProperties) = preSolution
		HideSolutionNode = FALSE
	EndGlobalSection
																																																																							GlobalSection(MonoDevelopProperties) = preSolution
		StartupItem = Assembly-CSharp.csproj
		Policies = $0
		$0.TextStylePolicy = $1
		$1.inheritsSet = null
		$1.scope = text/x-csharp
		$0.CSharpFormattingPolicy = $2
		$2.inheritsSet = Mono
		$2.inheritsScope = text/x-csharp
		$2.scope = text/x-csharp
		$0.TextStylePolicy = $3
		$3.FileWidth = 120
		$3.TabWidth = 4
		$3.EolMarker = Unix
		$3.inheritsSet = Mono
		$3.inheritsScope = text/plain
		$3.scope = text/plain
	EndGlobalSection

EndGlobal
